name: Update-Flake-Lock
concurrency:
  group: ${{ github.workflow }}-${{ github.ref }}
  cancel-in-progress: true

on:
  workflow_dispatch:
    inputs:
      INPUTS_TO_BUMP:
        description: Which flake input? (leave blank for all)
        required: false
        type: string

  schedule:
    - cron: "0 0 * * 0" # runs weekly on Sunday at 00:00
    # - cron: '0 0 * * *' # runs everyday at 00:00
  push:
    paths:
      - "flake.nix"

permissions:
  contents: write # To push to the branch

jobs:
  update:
    runs-on: ubuntu-latest
    steps:
      - name: Checkout repository
        uses: actions/checkout@v4
      - name: Install Nix
        uses: cachix/install-nix-action@v30
        with:
          install_url: https://nixos.org/nix/install
          extra_nix_config: |
            auto-optimise-store = true
            access-tokens = github.com=${{ secrets.GITHUB_TOKEN }}
            experimental-features = nix-command flakes
            accept-flake-config = true
      - name: Update flake.lock
        env:
          INPUTS_TO_BUMP: ${{ inputs.INPUTS_TO_BUMP }}
        run: nix flake update $INPUTS_TO_BUMP
      - name: Commit changes
        uses: EndBug/add-and-commit@v9
        with:
          default_author: github_actions
          add: flake.lock
          message: Update flake.lock
